
Microsoft Visual Studio Solution File, Format Version 12.00
# Visual Studio Version 17
VisualStudioVersion = 17.0.31912.275
MinimumVisualStudioVersion = 10.0.40219.1
Project("{9A19103F-16F7-4668-BE54-9A1E7A4F7556}") = "HSA.Client", "HSA.Client\HSA.Client.csproj", "{042C0932-AA2C-4FB8-9D46-F18B01761D8D}"
EndProject
Project("{9A19103F-16F7-4668-BE54-9A1E7A4F7556}") = "HSA.Server", "HSA.Server\HSA.Server.csproj", "{FF64A574-CB89-4388-89C1-4795EAB94D45}"
EndProject
Project("{FAE04EC0-301F-11D3-BF4B-00C04F79EFBC}") = "HSA.Shared", "HSA.Shared\HSA.Shared.csproj", "{89FA4045-12A5-4E66-AC16-2BB97A1618ED}"
EndProject
Global
	GlobalSection(SolutionConfigurationPlatforms) = preSolution
		Debug|Any CPU = Debug|Any CPU
		Release|Any CPU = Release|Any CPU
	EndGlobalSection
	GlobalSection(ProjectConfigurationPlatforms) = postSolution
		{042C0932-AA2C-4FB8-9D46-F18B01761D8D}.Debug|Any CPU.ActiveCfg = Debug|Any CPU
		{042C0932-AA2C-4FB8-9D46-F18B01761D8D}.Debug|Any CPU.Build.0 = Debug|Any CPU
		{042C0932-AA2C-4FB8-9D46-F18B01761D8D}.Release|Any CPU.ActiveCfg = Release|Any CPU
		{042C0932-AA2C-4FB8-9D46-F18B01761D8D}.Release|Any CPU.Build.0 = Release|Any CPU
		{FF64A574-CB89-4388-89C1-4795EAB94D45}.Debug|Any CPU.ActiveCfg = Debug|Any CPU
		{FF64A574-CB89-4388-89C1-4795EAB94D45}.Debug|Any CPU.Build.0 = Debug|Any CPU
		{FF64A574-CB89-4388-89C1-4795EAB94D45}.Release|Any CPU.ActiveCfg = Release|Any CPU
		{FF64A574-CB89-4388-89C1-4795EAB94D45}.Release|Any CPU.Build.0 = Release|Any CPU
		{89FA4045-12A5-4E66-AC16-2BB97A1618ED}.Debug|Any CPU.ActiveCfg = Debug|Any CPU
		{89FA4045-12A5-4E66-AC16-2BB97A1618ED}.Debug|Any CPU.Build.0 = Debug|Any CPU
		{89FA4045-12A5-4E66-AC16-2BB97A1618ED}.Release|Any CPU.ActiveCfg = Release|Any CPU
		{89FA4045-12A5-4E66-AC16-2BB97A1618ED}.Release|Any CPU.Build.0 = Release|Any CPU
	EndGlobalSection
	GlobalSection(SolutionProperties) = preSolution
		HideSolutionNode = FALSE
	EndGlobalSection
	GlobalSection(ExtensibilityGlobals) = postSolution
		SolutionGuid = {93CB6CB6-F6D8-4710-A416-6DA8759EF47E}
	EndGlobalSection
EndGlobal
